
Microsoft Visual Studio Solution File, Format Version 12.00
# Visual Studio Version 17
VisualStudioVersion = 17.5.002.0
MinimumVisualStudioVersion = 10.0.40219.1
Project("{9A19103F-16F7-4668-BE54-9A1E7A4F7556}") = "Client", "ClientConsoleApp\Client.csproj", "{FCB99520-A58C-4757-8498-408600BE6335}"
EndProject
Global
	GlobalSection(SolutionConfigurationPlatforms) = preSolution
		Debug|Any CPU = Debug|Any CPU
		Release|Any CPU = Release|Any CPU
	EndGlobalSection
	GlobalSection(ProjectConfigurationPlatforms) = postSolution
		{FCB99520-A58C-4757-8498-408600BE6335}.Debug|Any CPU.ActiveCfg = Debug|Any CPU
		{FCB99520-A58C-4757-8498-408600BE6335}.Debug|Any CPU.Build.0 = Debug|Any CPU
		{FCB99520-A58C-4757-8498-408600BE6335}.Release|Any CPU.ActiveCfg = Release|Any CPU
		{FCB99520-A58C-4757-8498-408600BE6335}.Release|Any CPU.Build.0 = Release|Any CPU
	EndGlobalSection
	GlobalSection(SolutionProperties) = preSolution
		HideSolutionNode = FALSE
	EndGlobalSection
	GlobalSection(ExtensibilityGlobals) = postSolution
		SolutionGuid = {4EFA6534-1EFF-49E9-ADEB-EC493996980E}
	EndGlobalSection
EndGlobal
